
Microsoft Visual Studio Solution File, Format Version 12.00
Project("{2150E333-8FDC-42A3-9474-1A3956D46DE8}") = "src", "src", "{4C7AA620-E809-4608-A74D-BD7742B3E441}"
EndProject
Project("{2150E333-8FDC-42A3-9474-1A3956D46DE8}") = "sample", "sample", "{5208C04C-12B9-4A4B-A452-10F47D106A12}"
EndProject
Project("{FAE04EC0-301F-11D3-BF4B-00C04F79EFBC}") = "HealthHealthcheck", "src\HealthHealthcheck\HealthHealthcheck.csproj", "{E85DC5A0-DD5F-49B7-9FB0-26211D0625D2}"
EndProject
Project("{FAE04EC0-301F-11D3-BF4B-00C04F79EFBC}") = "KnockKnocker", "sample\KnockKnocker\KnockKnocker.csproj", "{9699477F-DD55-4EDF-839E-4DE42F622444}"
EndProject
Project("{FAE04EC0-301F-11D3-BF4B-00C04F79EFBC}") = "ServiceA", "sample\ServiceA\ServiceA.csproj", "{1536CDC0-FFB9-44ED-825E-14F485AE778D}"
EndProject
Project("{FAE04EC0-301F-11D3-BF4B-00C04F79EFBC}") = "ServiceB", "sample\ServiceB\ServiceB.csproj", "{B22FE8D9-8FD6-49E9-9C53-D37CCDD1D1C0}"
EndProject
Global
	GlobalSection(SolutionConfigurationPlatforms) = preSolution
		Debug|Any CPU = Debug|Any CPU
		Release|Any CPU = Release|Any CPU
	EndGlobalSection
	GlobalSection(NestedProjects) = preSolution
		{E85DC5A0-DD5F-49B7-9FB0-26211D0625D2} = {4C7AA620-E809-4608-A74D-BD7742B3E441}
		{9699477F-DD55-4EDF-839E-4DE42F622444} = {5208C04C-12B9-4A4B-A452-10F47D106A12}
		{1536CDC0-FFB9-44ED-825E-14F485AE778D} = {5208C04C-12B9-4A4B-A452-10F47D106A12}
		{B22FE8D9-8FD6-49E9-9C53-D37CCDD1D1C0} = {5208C04C-12B9-4A4B-A452-10F47D106A12}
	EndGlobalSection
	GlobalSection(ProjectConfigurationPlatforms) = postSolution
		{E85DC5A0-DD5F-49B7-9FB0-26211D0625D2}.Debug|Any CPU.ActiveCfg = Debug|Any CPU
		{E85DC5A0-DD5F-49B7-9FB0-26211D0625D2}.Debug|Any CPU.Build.0 = Debug|Any CPU
		{E85DC5A0-DD5F-49B7-9FB0-26211D0625D2}.Release|Any CPU.ActiveCfg = Release|Any CPU
		{E85DC5A0-DD5F-49B7-9FB0-26211D0625D2}.Release|Any CPU.Build.0 = Release|Any CPU
		{9699477F-DD55-4EDF-839E-4DE42F622444}.Debug|Any CPU.ActiveCfg = Debug|Any CPU
		{9699477F-DD55-4EDF-839E-4DE42F622444}.Debug|Any CPU.Build.0 = Debug|Any CPU
		{9699477F-DD55-4EDF-839E-4DE42F622444}.Release|Any CPU.ActiveCfg = Release|Any CPU
		{9699477F-DD55-4EDF-839E-4DE42F622444}.Release|Any CPU.Build.0 = Release|Any CPU
		{1536CDC0-FFB9-44ED-825E-14F485AE778D}.Debug|Any CPU.ActiveCfg = Debug|Any CPU
		{1536CDC0-FFB9-44ED-825E-14F485AE778D}.Debug|Any CPU.Build.0 = Debug|Any CPU
		{1536CDC0-FFB9-44ED-825E-14F485AE778D}.Release|Any CPU.ActiveCfg = Release|Any CPU
		{1536CDC0-FFB9-44ED-825E-14F485AE778D}.Release|Any CPU.Build.0 = Release|Any CPU
		{B22FE8D9-8FD6-49E9-9C53-D37CCDD1D1C0}.Debug|Any CPU.ActiveCfg = Debug|Any CPU
		{B22FE8D9-8FD6-49E9-9C53-D37CCDD1D1C0}.Debug|Any CPU.Build.0 = Debug|Any CPU
		{B22FE8D9-8FD6-49E9-9C53-D37CCDD1D1C0}.Release|Any CPU.ActiveCfg = Release|Any CPU
		{B22FE8D9-8FD6-49E9-9C53-D37CCDD1D1C0}.Release|Any CPU.Build.0 = Release|Any CPU
	EndGlobalSection
EndGlobal
